
Microsoft Visual Studio Solution File, Format Version 12.00
# Visual Studio 2012
Project("{FAE04EC0-301F-11D3-BF4B-00C04F79EFBC}") = "StaticTyping", "StaticTyping\StaticTyping.csproj", "{F0F73038-E53C-429C-9B0D-F2682053DF12}"
EndProject
Project("{FAE04EC0-301F-11D3-BF4B-00C04F79EFBC}") = "BoxDrawerStaticTyping", "BoxDrawerStaticTyping\BoxDrawerStaticTyping.csproj", "{C02FE033-5DC7-4E22-B91C-A3B44C7FD793}"
EndProject
Project("{FAE04EC0-301F-11D3-BF4B-00C04F79EFBC}") = "AmbientDeclarations", "AmbientDeclarations\AmbientDeclarations.csproj", "{0DC5B5FE-E1A9-44E0-AB6F-F0BFBBD2EDD3}"
EndProject
Project("{FAE04EC0-301F-11D3-BF4B-00C04F79EFBC}") = "BundleTransformer", "BundleTransformer\BundleTransformer.csproj", "{50E29BFE-E833-4FD9-AFCE-B69A06EB8BB3}"
EndProject
Project("{FAE04EC0-301F-11D3-BF4B-00C04F79EFBC}") = "Classes", "Classes\Classes.csproj", "{306DE0E8-E1AA-47ED-8B9D-96357A70D73D}"
EndProject
Project("{FAE04EC0-301F-11D3-BF4B-00C04F79EFBC}") = "Interfaces", "Interfaces\Interfaces.csproj", "{9F3445EF-8F39-424B-BAB0-7BDE7DC1B4B6}"
EndProject
Project("{FAE04EC0-301F-11D3-BF4B-00C04F79EFBC}") = "Modules", "Modules\Modules.csproj", "{1E990E04-3667-4381-893D-7737C2A9E1CC}"
EndProject
Project("{FAE04EC0-301F-11D3-BF4B-00C04F79EFBC}") = "ArrowFunctions", "ArrowFunctions\ArrowFunctions.csproj", "{988EB6C6-F159-426F-B99A-147470CFC223}"
EndProject
Project("{FAE04EC0-301F-11D3-BF4B-00C04F79EFBC}") = "SeparateFiles", "SeparateFiles\SeparateFiles.csproj", "{75A8F9AA-8E95-4926-B39B-4133E2622D38}"
EndProject
Project("{FAE04EC0-301F-11D3-BF4B-00C04F79EFBC}") = "ExternalModules", "ExternalModules\ExternalModules.csproj", "{005DFB58-1693-4787-AF23-6A77D611158D}"
EndProject
Project("{FAE04EC0-301F-11D3-BF4B-00C04F79EFBC}") = "Combined", "Combined\Combined.csproj", "{FCC338D6-128A-48BB-9C92-6396490055E2}"
EndProject
Project("{2150E333-8FDC-42A3-9474-1A3956D46DE8}") = ".nuget", ".nuget", "{CC6DCFD2-C14B-45C7-A177-BB33C2AE54E2}"
	ProjectSection(SolutionItems) = preProject
		.nuget\NuGet.Config = .nuget\NuGet.Config
		.nuget\NuGet.exe = .nuget\NuGet.exe
		.nuget\NuGet.targets = .nuget\NuGet.targets
	EndProjectSection
EndProject
Global
	GlobalSection(SolutionConfigurationPlatforms) = preSolution
		Debug|Any CPU = Debug|Any CPU
		Release|Any CPU = Release|Any CPU
	EndGlobalSection
	GlobalSection(ProjectConfigurationPlatforms) = postSolution
		{F0F73038-E53C-429C-9B0D-F2682053DF12}.Debug|Any CPU.ActiveCfg = Debug|Any CPU
		{F0F73038-E53C-429C-9B0D-F2682053DF12}.Debug|Any CPU.Build.0 = Debug|Any CPU
		{F0F73038-E53C-429C-9B0D-F2682053DF12}.Release|Any CPU.ActiveCfg = Release|Any CPU
		{F0F73038-E53C-429C-9B0D-F2682053DF12}.Release|Any CPU.Build.0 = Release|Any CPU
		{C02FE033-5DC7-4E22-B91C-A3B44C7FD793}.Debug|Any CPU.ActiveCfg = Debug|Any CPU
		{C02FE033-5DC7-4E22-B91C-A3B44C7FD793}.Debug|Any CPU.Build.0 = Debug|Any CPU
		{C02FE033-5DC7-4E22-B91C-A3B44C7FD793}.Release|Any CPU.ActiveCfg = Release|Any CPU
		{C02FE033-5DC7-4E22-B91C-A3B44C7FD793}.Release|Any CPU.Build.0 = Release|Any CPU
		{0DC5B5FE-E1A9-44E0-AB6F-F0BFBBD2EDD3}.Debug|Any CPU.ActiveCfg = Debug|Any CPU
		{0DC5B5FE-E1A9-44E0-AB6F-F0BFBBD2EDD3}.Debug|Any CPU.Build.0 = Debug|Any CPU
		{0DC5B5FE-E1A9-44E0-AB6F-F0BFBBD2EDD3}.Release|Any CPU.ActiveCfg = Release|Any CPU
		{0DC5B5FE-E1A9-44E0-AB6F-F0BFBBD2EDD3}.Release|Any CPU.Build.0 = Release|Any CPU
		{50E29BFE-E833-4FD9-AFCE-B69A06EB8BB3}.Debug|Any CPU.ActiveCfg = Debug|Any CPU
		{50E29BFE-E833-4FD9-AFCE-B69A06EB8BB3}.Debug|Any CPU.Build.0 = Debug|Any CPU
		{50E29BFE-E833-4FD9-AFCE-B69A06EB8BB3}.Release|Any CPU.ActiveCfg = Release|Any CPU
		{50E29BFE-E833-4FD9-AFCE-B69A06EB8BB3}.Release|Any CPU.Build.0 = Release|Any CPU
		{306DE0E8-E1AA-47ED-8B9D-96357A70D73D}.Debug|Any CPU.ActiveCfg = Debug|Any CPU
		{306DE0E8-E1AA-47ED-8B9D-96357A70D73D}.Debug|Any CPU.Build.0 = Debug|Any CPU
		{306DE0E8-E1AA-47ED-8B9D-96357A70D73D}.Release|Any CPU.ActiveCfg = Release|Any CPU
		{306DE0E8-E1AA-47ED-8B9D-96357A70D73D}.Release|Any CPU.Build.0 = Release|Any CPU
		{9F3445EF-8F39-424B-BAB0-7BDE7DC1B4B6}.Debug|Any CPU.ActiveCfg = Debug|Any CPU
		{9F3445EF-8F39-424B-BAB0-7BDE7DC1B4B6}.Debug|Any CPU.Build.0 = Debug|Any CPU
		{9F3445EF-8F39-424B-BAB0-7BDE7DC1B4B6}.Release|Any CPU.ActiveCfg = Release|Any CPU
		{9F3445EF-8F39-424B-BAB0-7BDE7DC1B4B6}.Release|Any CPU.Build.0 = Release|Any CPU
		{1E990E04-3667-4381-893D-7737C2A9E1CC}.Debug|Any CPU.ActiveCfg = Debug|Any CPU
		{1E990E04-3667-4381-893D-7737C2A9E1CC}.Debug|Any CPU.Build.0 = Debug|Any CPU
		{1E990E04-3667-4381-893D-7737C2A9E1CC}.Release|Any CPU.ActiveCfg = Release|Any CPU
		{1E990E04-3667-4381-893D-7737C2A9E1CC}.Release|Any CPU.Build.0 = Release|Any CPU
		{988EB6C6-F159-426F-B99A-147470CFC223}.Debug|Any CPU.ActiveCfg = Debug|Any CPU
		{988EB6C6-F159-426F-B99A-147470CFC223}.Debug|Any CPU.Build.0 = Debug|Any CPU
		{988EB6C6-F159-426F-B99A-147470CFC223}.Release|Any CPU.ActiveCfg = Release|Any CPU
		{988EB6C6-F159-426F-B99A-147470CFC223}.Release|Any CPU.Build.0 = Release|Any CPU
		{75A8F9AA-8E95-4926-B39B-4133E2622D38}.Debug|Any CPU.ActiveCfg = Debug|Any CPU
		{75A8F9AA-8E95-4926-B39B-4133E2622D38}.Debug|Any CPU.Build.0 = Debug|Any CPU
		{75A8F9AA-8E95-4926-B39B-4133E2622D38}.Release|Any CPU.ActiveCfg = Release|Any CPU
		{75A8F9AA-8E95-4926-B39B-4133E2622D38}.Release|Any CPU.Build.0 = Release|Any CPU
		{005DFB58-1693-4787-AF23-6A77D611158D}.Debug|Any CPU.ActiveCfg = Debug|Any CPU
		{005DFB58-1693-4787-AF23-6A77D611158D}.Debug|Any CPU.Build.0 = Debug|Any CPU
		{005DFB58-1693-4787-AF23-6A77D611158D}.Release|Any CPU.ActiveCfg = Release|Any CPU
		{005DFB58-1693-4787-AF23-6A77D611158D}.Release|Any CPU.Build.0 = Release|Any CPU
		{FCC338D6-128A-48BB-9C92-6396490055E2}.Debug|Any CPU.ActiveCfg = Debug|Any CPU
		{FCC338D6-128A-48BB-9C92-6396490055E2}.Debug|Any CPU.Build.0 = Debug|Any CPU
		{FCC338D6-128A-48BB-9C92-6396490055E2}.Release|Any CPU.ActiveCfg = Release|Any CPU
		{FCC338D6-128A-48BB-9C92-6396490055E2}.Release|Any CPU.Build.0 = Release|Any CPU
	EndGlobalSection
	GlobalSection(SolutionProperties) = preSolution
		HideSolutionNode = FALSE
	EndGlobalSection
EndGlobal
